// !$*UTF8*$!
{
	archiveVersion = 1;
	classes = {
	};
	objectVersion = 55;
	objects = {

/* Begin PBXBuildFile section */
		2D24DEE7278440690029FA80 /* AppDelegate.swift in Sources */ = {isa = PBXBuildFile; fileRef = 2D24DEE6278440690029FA80 /* AppDelegate.swift */; };
		2D24DEE9278440690029FA80 /* SceneDelegate.swift in Sources */ = {isa = PBXBuildFile; fileRef = 2D24DEE8278440690029FA80 /* SceneDelegate.swift */; };
		2D24DEEE278440690029FA80 /* Main.storyboard in Resources */ = {isa = PBXBuildFile; fileRef = 2D24DEEC278440690029FA80 /* Main.storyboard */; };
		2D24DEF02784406D0029FA80 /* Assets.xcassets in Resources */ = {isa = PBXBuildFile; fileRef = 2D24DEEF2784406D0029FA80 /* Assets.xcassets */; };
		2D24DEF32784406D0029FA80 /* LaunchScreen.storyboard in Resources */ = {isa = PBXBuildFile; fileRef = 2D24DEF12784406D0029FA80 /* LaunchScreen.storyboard */; };
		2D24DEFB2784423C0029FA80 /* SearchBarView.swift in Sources */ = {isa = PBXBuildFile; fileRef = 2D24DEFA2784423C0029FA80 /* SearchBarView.swift */; };
		2D24DEFD2784424B0029FA80 /* SearchBarView.xib in Resources */ = {isa = PBXBuildFile; fileRef = 2D24DEFC2784424B0029FA80 /* SearchBarView.xib */; };
		2D24DF16278444710029FA80 /* Alamofire in Frameworks */ = {isa = PBXBuildFile; productRef = 2D24DF15278444710029FA80 /* Alamofire */; };
		2D24DF28278445280029FA80 /* Constants.swift in Sources */ = {isa = PBXBuildFile; fileRef = 2D24DF1D278445280029FA80 /* Constants.swift */; };
		2D24DF29278445280029FA80 /* Date+Extension.swift in Sources */ = {isa = PBXBuildFile; fileRef = 2D24DF1F278445280029FA80 /* Date+Extension.swift */; };
		2D24DF2A278445280029FA80 /* NSObject+Extension.swift in Sources */ = {isa = PBXBuildFile; fileRef = 2D24DF20278445280029FA80 /* NSObject+Extension.swift */; };
		2D24DF2D278445280029FA80 /* String+Extension.swift in Sources */ = {isa = PBXBuildFile; fileRef = 2D24DF23278445280029FA80 /* String+Extension.swift */; };
		2D24DF2E278445280029FA80 /* UITableViewCell+Extension.swift in Sources */ = {isa = PBXBuildFile; fileRef = 2D24DF24278445280029FA80 /* UITableViewCell+Extension.swift */; };
		2D24DF2F278445280029FA80 /* Storyboard+Extension.swift in Sources */ = {isa = PBXBuildFile; fileRef = 2D24DF25278445280029FA80 /* Storyboard+Extension.swift */; };
		2D24DF36278450ED0029FA80 /* MovieSearchViewController.swift in Sources */ = {isa = PBXBuildFile; fileRef = 2D24DF35278450ED0029FA80 /* MovieSearchViewController.swift */; };
		2D656730278D8B60006184DE /* MovieDetailViewController.swift in Sources */ = {isa = PBXBuildFile; fileRef = 2D65672F278D8B60006184DE /* MovieDetailViewController.swift */; };
		2D85947527858850009B7E45 /* Movie.swift in Sources */ = {isa = PBXBuildFile; fileRef = 2D85947227858850009B7E45 /* Movie.swift */; };
		2D85947627858850009B7E45 /* MovieSearchResponse.swift in Sources */ = {isa = PBXBuildFile; fileRef = 2D85947327858850009B7E45 /* MovieSearchResponse.swift */; };
		2D85947727858850009B7E45 /* TMDBManager.swift in Sources */ = {isa = PBXBuildFile; fileRef = 2D85947427858850009B7E45 /* TMDBManager.swift */; };
		2DA7E6172786E8FB000D7493 /* MovieCell.swift in Sources */ = {isa = PBXBuildFile; fileRef = 2DA7E6152786E8FB000D7493 /* MovieCell.swift */; };
		2DA7E6182786E8FB000D7493 /* MovieCell.xib in Resources */ = {isa = PBXBuildFile; fileRef = 2DA7E6162786E8FB000D7493 /* MovieCell.xib */; };
		2DA7E61B27871C11000D7493 /* Kingfisher in Frameworks */ = {isa = PBXBuildFile; productRef = 2DA7E61A27871C11000D7493 /* Kingfisher */; };
/* End PBXBuildFile section */

/* Begin PBXFileReference section */
		2D24DEE3278440690029FA80 /* MoviesInfoMVC.app */ = {isa = PBXFileReference; explicitFileType = wrapper.application; includeInIndex = 0; path = MoviesInfoMVC.app; sourceTree = BUILT_PRODUCTS_DIR; };
		2D24DEE6278440690029FA80 /* AppDelegate.swift */ = {isa = PBXFileReference; lastKnownFileType = sourcecode.swift; path = AppDelegate.swift; sourceTree = "<group>"; };
		2D24DEE8278440690029FA80 /* SceneDelegate.swift */ = {isa = PBXFileReference; lastKnownFileType = sourcecode.swift; path = SceneDelegate.swift; sourceTree = "<group>"; };
		2D24DEED278440690029FA80 /* Base */ = {isa = PBXFileReference; lastKnownFileType = file.storyboard; name = Base; path = Base.lproj/Main.storyboard; sourceTree = "<group>"; };
		2D24DEEF2784406D0029FA80 /* Assets.xcassets */ = {isa = PBXFileReference; lastKnownFileType = folder.assetcatalog; path = Assets.xcassets; sourceTree = "<group>"; };
		2D24DEF22784406D0029FA80 /* Base */ = {isa = PBXFileReference; lastKnownFileType = file.storyboard; name = Base; path = Base.lproj/LaunchScreen.storyboard; sourceTree = "<group>"; };
		2D24DEF42784406D0029FA80 /* Info.plist */ = {isa = PBXFileReference; lastKnownFileType = text.plist.xml; path = Info.plist; sourceTree = "<group>"; };
		2D24DEFA2784423C0029FA80 /* SearchBarView.swift */ = {isa = PBXFileReference; lastKnownFileType = sourcecode.swift; path = SearchBarView.swift; sourceTree = "<group>"; };
		2D24DEFC2784424B0029FA80 /* SearchBarView.xib */ = {isa = PBXFileReference; lastKnownFileType = file.xib; path = SearchBarView.xib; sourceTree = "<group>"; };
		2D24DF1D278445280029FA80 /* Constants.swift */ = {isa = PBXFileReference; fileEncoding = 4; lastKnownFileType = sourcecode.swift; path = Constants.swift; sourceTree = "<group>"; };
		2D24DF1F278445280029FA80 /* Date+Extension.swift */ = {isa = PBXFileReference; fileEncoding = 4; lastKnownFileType = sourcecode.swift; path = "Date+Extension.swift"; sourceTree = "<group>"; };
		2D24DF20278445280029FA80 /* NSObject+Extension.swift */ = {isa = PBXFileReference; fileEncoding = 4; lastKnownFileType = sourcecode.swift; path = "NSObject+Extension.swift"; sourceTree = "<group>"; };
		2D24DF23278445280029FA80 /* String+Extension.swift */ = {isa = PBXFileReference; fileEncoding = 4; lastKnownFileType = sourcecode.swift; path = "String+Extension.swift"; sourceTree = "<group>"; };
		2D24DF24278445280029FA80 /* UITableViewCell+Extension.swift */ = {isa = PBXFileReference; fileEncoding = 4; lastKnownFileType = sourcecode.swift; path = "UITableViewCell+Extension.swift"; sourceTree = "<group>"; };
		2D24DF25278445280029FA80 /* Storyboard+Extension.swift */ = {isa = PBXFileReference; fileEncoding = 4; lastKnownFileType = sourcecode.swift; path = "Storyboard+Extension.swift"; sourceTree = "<group>"; };
		2D24DF35278450ED0029FA80 /* MovieSearchViewController.swift */ = {isa = PBXFileReference; lastKnownFileType = sourcecode.swift; path = MovieSearchViewController.swift; sourceTree = "<group>"; };
		2D65672F278D8B60006184DE /* MovieDetailViewController.swift */ = {isa = PBXFileReference; lastKnownFileType = sourcecode.swift; path = MovieDetailViewController.swift; sourceTree = "<group>"; };
		2D85947227858850009B7E45 /* Movie.swift */ = {isa = PBXFileReference; fileEncoding = 4; lastKnownFileType = sourcecode.swift; path = Movie.swift; sourceTree = "<group>"; };
		2D85947327858850009B7E45 /* MovieSearchResponse.swift */ = {isa = PBXFileReference; fileEncoding = 4; lastKnownFileType = sourcecode.swift; path = MovieSearchResponse.swift; sourceTree = "<group>"; };
		2D85947427858850009B7E45 /* TMDBManager.swift */ = {isa = PBXFileReference; fileEncoding = 4; lastKnownFileType = sourcecode.swift; path = TMDBManager.swift; sourceTree = "<group>"; };
		2DA7E6152786E8FB000D7493 /* MovieCell.swift */ = {isa = PBXFileReference; lastKnownFileType = sourcecode.swift; path = MovieCell.swift; sourceTree = "<group>"; };
		2DA7E6162786E8FB000D7493 /* MovieCell.xib */ = {isa = PBXFileReference; lastKnownFileType = file.xib; path = MovieCell.xib; sourceTree = "<group>"; };
/* End PBXFileReference section */

/* Begin PBXFrameworksBuildPhase section */
		2D24DEE0278440690029FA80 /* Frameworks */ = {
			isa = PBXFrameworksBuildPhase;
			buildActionMask = 2147483647;
			files = (
				2DA7E61B27871C11000D7493 /* Kingfisher in Frameworks */,
				2D24DF16278444710029FA80 /* Alamofire in Frameworks */,
			);
			runOnlyForDeploymentPostprocessing = 0;
		};
/* End PBXFrameworksBuildPhase section */

/* Begin PBXGroup section */
		2D24DEDA278440690029FA80 = {
			isa = PBXGroup;
			children = (
				2D24DEE5278440690029FA80 /* MoviesInfoMVC */,
				2D24DEE4278440690029FA80 /* Products */,
			);
			sourceTree = "<group>";
		};
		2D24DEE4278440690029FA80 /* Products */ = {
			isa = PBXGroup;
			children = (
				2D24DEE3278440690029FA80 /* MoviesInfoMVC.app */,
			);
			name = Products;
			sourceTree = "<group>";
		};
		2D24DEE5278440690029FA80 /* MoviesInfoMVC */ = {
			isa = PBXGroup;
			children = (
				2D24DEE6278440690029FA80 /* AppDelegate.swift */,
				2D24DEE8278440690029FA80 /* SceneDelegate.swift */,
				2D24DF342784457C0029FA80 /* Controller */,
				2D24DF332784456D0029FA80 /* View */,
				2D24DF32278445510029FA80 /* Model */,
				2D24DF1C278445280029FA80 /* Common */,
				2D24DEEF2784406D0029FA80 /* Assets.xcassets */,
				2D24DEF12784406D0029FA80 /* LaunchScreen.storyboard */,
				2D24DEF42784406D0029FA80 /* Info.plist */,
			);
			path = MoviesInfoMVC;
			sourceTree = "<group>";
		};
		2D24DF1C278445280029FA80 /* Common */ = {
			isa = PBXGroup;
			children = (
				2D24DF1D278445280029FA80 /* Constants.swift */,
				2D24DF1E278445280029FA80 /* Extensions */,
			);
			path = Common;
			sourceTree = "<group>";
		};
		2D24DF1E278445280029FA80 /* Extensions */ = {
			isa = PBXGroup;
			children = (
				2D24DF1F278445280029FA80 /* Date+Extension.swift */,
				2D24DF20278445280029FA80 /* NSObject+Extension.swift */,
				2D24DF23278445280029FA80 /* String+Extension.swift */,
				2D24DF24278445280029FA80 /* UITableViewCell+Extension.swift */,
				2D24DF25278445280029FA80 /* Storyboard+Extension.swift */,
			);
			path = Extensions;
			sourceTree = "<group>";
		};
		2D24DF32278445510029FA80 /* Model */ = {
			isa = PBXGroup;
			children = (
				2D85947227858850009B7E45 /* Movie.swift */,
				2D85947327858850009B7E45 /* MovieSearchResponse.swift */,
				2D85947427858850009B7E45 /* TMDBManager.swift */,
			);
			path = Model;
			sourceTree = "<group>";
		};
		2D24DF332784456D0029FA80 /* View */ = {
			isa = PBXGroup;
			children = (
				2D24DEEC278440690029FA80 /* Main.storyboard */,
				2D24DEFC2784424B0029FA80 /* SearchBarView.xib */,
				2D24DEFA2784423C0029FA80 /* SearchBarView.swift */,
				2DA7E6162786E8FB000D7493 /* MovieCell.xib */,
				2DA7E6152786E8FB000D7493 /* MovieCell.swift */,
			);
			path = View;
			sourceTree = "<group>";
		};
		2D24DF342784457C0029FA80 /* Controller */ = {
			isa = PBXGroup;
			children = (
				2D24DF35278450ED0029FA80 /* MovieSearchViewController.swift */,
				2D65672F278D8B60006184DE /* MovieDetailViewController.swift */,
			);
			path = Controller;
			sourceTree = "<group>";
		};
/* End PBXGroup section */

/* Begin PBXNativeTarget section */
		2D24DEE2278440690029FA80 /* MoviesInfoMVC */ = {
			isa = PBXNativeTarget;
			buildConfigurationList = 2D24DEF72784406D0029FA80 /* Build configuration list for PBXNativeTarget "MoviesInfoMVC" */;
			buildPhases = (
				2D24DEDF278440690029FA80 /* Sources */,
				2D24DEE0278440690029FA80 /* Frameworks */,
				2D24DEE1278440690029FA80 /* Resources */,
			);
			buildRules = (
			);
			dependencies = (
			);
			name = MoviesInfoMVC;
			packageProductDependencies = (
				2D24DF15278444710029FA80 /* Alamofire */,
				2DA7E61A27871C11000D7493 /* Kingfisher */,
			);
			productName = MoviesInfoMVC;
			productReference = 2D24DEE3278440690029FA80 /* MoviesInfoMVC.app */;
			productType = "com.apple.product-type.application";
		};
/* End PBXNativeTarget section */

/* Begin PBXProject section */
		2D24DEDB278440690029FA80 /* Project object */ = {
			isa = PBXProject;
			attributes = {
				BuildIndependentTargetsInParallel = 1;
				LastSwiftUpdateCheck = 1310;
				LastUpgradeCheck = 1310;
				TargetAttributes = {
					2D24DEE2278440690029FA80 = {
						CreatedOnToolsVersion = 13.1;
					};
				};
			};
			buildConfigurationList = 2D24DEDE278440690029FA80 /* Build configuration list for PBXProject "MoviesInfoMVC" */;
			compatibilityVersion = "Xcode 13.0";
			developmentRegion = en;
			hasScannedForEncodings = 0;
			knownRegions = (
				en,
				Base,
			);
			mainGroup = 2D24DEDA278440690029FA80;
			packageReferences = (
				2D24DF14278444710029FA80 /* XCRemoteSwiftPackageReference "Alamofire" */,
				2DA7E61927871C11000D7493 /* XCRemoteSwiftPackageReference "Kingfisher" */,
			);
			productRefGroup = 2D24DEE4278440690029FA80 /* Products */;
			projectDirPath = "";
			projectRoot = "";
			targets = (
				2D24DEE2278440690029FA80 /* MoviesInfoMVC */,
			);
		};
/* End PBXProject section */

/* Begin PBXResourcesBuildPhase section */
		2D24DEE1278440690029FA80 /* Resources */ = {
			isa = PBXResourcesBuildPhase;
			buildActionMask = 2147483647;
			files = (
				2D24DEFD2784424B0029FA80 /* SearchBarView.xib in Resources */,
				2D24DEF32784406D0029FA80 /* LaunchScreen.storyboard in Resources */,
				2D24DEF02784406D0029FA80 /* Assets.xcassets in Resources */,
				2D24DEEE278440690029FA80 /* Main.storyboard in Resources */,
				2DA7E6182786E8FB000D7493 /* MovieCell.xib in Resources */,
			);
			runOnlyForDeploymentPostprocessing = 0;
		};
/* End PBXResourcesBuildPhase section */

/* Begin PBXSourcesBuildPhase section */
		2D24DEDF278440690029FA80 /* Sources */ = {
			isa = PBXSourcesBuildPhase;
			buildActionMask = 2147483647;
			files = (
				2DA7E6172786E8FB000D7493 /* MovieCell.swift in Sources */,
				2D24DF2F278445280029FA80 /* Storyboard+Extension.swift in Sources */,
				2D24DF28278445280029FA80 /* Constants.swift in Sources */,
				2D24DEFB2784423C0029FA80 /* SearchBarView.swift in Sources */,
				2D24DEE7278440690029FA80 /* AppDelegate.swift in Sources */,
				2D24DF36278450ED0029FA80 /* MovieSearchViewController.swift in Sources */,
				2D24DF2E278445280029FA80 /* UITableViewCell+Extension.swift in Sources */,
				2D85947627858850009B7E45 /* MovieSearchResponse.swift in Sources */,
				2D24DEE9278440690029FA80 /* SceneDelegate.swift in Sources */,
				2D656730278D8B60006184DE /* MovieDetailViewController.swift in Sources */,
				2D24DF29278445280029FA80 /* Date+Extension.swift in Sources */,
				2D24DF2D278445280029FA80 /* String+Extension.swift in Sources */,
				2D24DF2A278445280029FA80 /* NSObject+Extension.swift in Sources */,
				2D85947527858850009B7E45 /* Movie.swift in Sources */,
				2D85947727858850009B7E45 /* TMDBManager.swift in Sources */,
			);
			runOnlyForDeploymentPostprocessing = 0;
		};
/* End PBXSourcesBuildPhase section */

/* Begin PBXVariantGroup section */
		2D24DEEC278440690029FA80 /* Main.storyboard */ = {
			isa = PBXVariantGroup;
			children = (
				2D24DEED278440690029FA80 /* Base */,
			);
			name = Main.storyboard;
			sourceTree = "<group>";
		};
		2D24DEF12784406D0029FA80 /* LaunchScreen.storyboard */ = {
			isa = PBXVariantGroup;
			children = (
				2D24DEF22784406D0029FA80 /* Base */,
			);
			name = LaunchScreen.storyboard;
			sourceTree = "<group>";
		};
/* End PBXVariantGroup section */

/* Begin XCBuildConfiguration section */
		2D24DEF52784406D0029FA80 /* Debug */ = {
			isa = XCBuildConfiguration;
			buildSettings = {
				ALWAYS_SEARCH_USER_PATHS = NO;
				CLANG_ANALYZER_NONNULL = YES;
				CLANG_ANALYZER_NUMBER_OBJECT_CONVERSION = YES_AGGRESSIVE;
				CLANG_CXX_LANGUAGE_STANDARD = "gnu++17";
				CLANG_CXX_LIBRARY = "libc++";
				CLANG_ENABLE_MODULES = YES;
				CLANG_ENABLE_OBJC_ARC = YES;
				CLANG_ENABLE_OBJC_WEAK = YES;
				CLANG_WARN_BLOCK_CAPTURE_AUTORELEASING = YES;
				CLANG_WARN_BOOL_CONVERSION = YES;
				CLANG_WARN_COMMA = YES;
				CLANG_WARN_CONSTANT_CONVERSION = YES;
				CLANG_WARN_DEPRECATED_OBJC_IMPLEMENTATIONS = YES;
				CLANG_WARN_DIRECT_OBJC_ISA_USAGE = YES_ERROR;
				CLANG_WARN_DOCUMENTATION_COMMENTS = YES;
				CLANG_WARN_EMPTY_BODY = YES;
				CLANG_WARN_ENUM_CONVERSION = YES;
				CLANG_WARN_INFINITE_RECURSION = YES;
				CLANG_WARN_INT_CONVERSION = YES;
				CLANG_WARN_NON_LITERAL_NULL_CONVERSION = YES;
				CLANG_WARN_OBJC_IMPLICIT_RETAIN_SELF = YES;
				CLANG_WARN_OBJC_LITERAL_CONVERSION = YES;
				CLANG_WARN_OBJC_ROOT_CLASS = YES_ERROR;
				CLANG_WARN_QUOTED_INCLUDE_IN_FRAMEWORK_HEADER = YES;
				CLANG_WARN_RANGE_LOOP_ANALYSIS = YES;
				CLANG_WARN_STRICT_PROTOTYPES = YES;
				CLANG_WARN_SUSPICIOUS_MOVE = YES;
				CLANG_WARN_UNGUARDED_AVAILABILITY = YES_AGGRESSIVE;
				CLANG_WARN_UNREACHABLE_CODE = YES;
				CLANG_WARN__DUPLICATE_METHOD_MATCH = YES;
				COPY_PHASE_STRIP = NO;
				DEBUG_INFORMATION_FORMAT = dwarf;
				ENABLE_STRICT_OBJC_MSGSEND = YES;
				ENABLE_TESTABILITY = YES;
				GCC_C_LANGUAGE_STANDARD = gnu11;
				GCC_DYNAMIC_NO_PIC = NO;
				GCC_NO_COMMON_BLOCKS = YES;
				GCC_OPTIMIZATION_LEVEL = 0;
				GCC_PREPROCESSOR_DEFINITIONS = (
					"DEBUG=1",
					"$(inherited)",
				);
				GCC_WARN_64_TO_32_BIT_CONVERSION = YES;
				GCC_WARN_ABOUT_RETURN_TYPE = YES_ERROR;
				GCC_WARN_UNDECLARED_SELECTOR = YES;
				GCC_WARN_UNINITIALIZED_AUTOS = YES_AGGRESSIVE;
				GCC_WARN_UNUSED_FUNCTION = YES;
				GCC_WARN_UNUSED_VARIABLE = YES;
				IPHONEOS_DEPLOYMENT_TARGET = 14.0;
				MTL_ENABLE_DEBUG_INFO = INCLUDE_SOURCE;
				MTL_FAST_MATH = YES;
				ONLY_ACTIVE_ARCH = YES;
				SDKROOT = iphoneos;
				SWIFT_ACTIVE_COMPILATION_CONDITIONS = DEBUG;
				SWIFT_OPTIMIZATION_LEVEL = "-Onone";
			};
			name = Debug;
		};
		2D24DEF62784406D0029FA80 /* Release */ = {
			isa = XCBuildConfiguration;
			buildSettings = {
				ALWAYS_SEARCH_USER_PATHS = NO;
				CLANG_ANALYZER_NONNULL = YES;
				CLANG_ANALYZER_NUMBER_OBJECT_CONVERSION = YES_AGGRESSIVE;
				CLANG_CXX_LANGUAGE_STANDARD = "gnu++17";
				CLANG_CXX_LIBRARY = "libc++";
				CLANG_ENABLE_MODULES = YES;
				CLANG_ENABLE_OBJC_ARC = YES;
				CLANG_ENABLE_OBJC_WEAK = YES;
				CLANG_WARN_BLOCK_CAPTURE_AUTORELEASING = YES;
				CLANG_WARN_BOOL_CONVERSION = YES;
				CLANG_WARN_COMMA = YES;
				CLANG_WARN_CONSTANT_CONVERSION = YES;
				CLANG_WARN_DEPRECATED_OBJC_IMPLEMENTATIONS = YES;
				CLANG_WARN_DIRECT_OBJC_ISA_USAGE = YES_ERROR;
				CLANG_WARN_DOCUMENTATION_COMMENTS = YES;
				CLANG_WARN_EMPTY_BODY = YES;
				CLANG_WARN_ENUM_CONVERSION = YES;
				CLANG_WARN_INFINITE_RECURSION = YES;
				CLANG_WARN_INT_CONVERSION = YES;
				CLANG_WARN_NON_LITERAL_NULL_CONVERSION = YES;
				CLANG_WARN_OBJC_IMPLICIT_RETAIN_SELF = YES;
				CLANG_WARN_OBJC_LITERAL_CONVERSION = YES;
				CLANG_WARN_OBJC_ROOT_CLASS = YES_ERROR;
				CLANG_WARN_QUOTED_INCLUDE_IN_FRAMEWORK_HEADER = YES;
				CLANG_WARN_RANGE_LOOP_ANALYSIS = YES;
				CLANG_WARN_STRICT_PROTOTYPES = YES;
				CLANG_WARN_SUSPICIOUS_MOVE = YES;
				CLANG_WARN_UNGUARDED_AVAILABILITY = YES_AGGRESSIVE;
				CLANG_WARN_UNREACHABLE_CODE = YES;
				CLANG_WARN__DUPLICATE_METHOD_MATCH = YES;
				COPY_PHASE_STRIP = NO;
				DEBUG_INFORMATION_FORMAT = "dwarf-with-dsym";
				ENABLE_NS_ASSERTIONS = NO;
				ENABLE_STRICT_OBJC_MSGSEND = YES;
				GCC_C_LANGUAGE_STANDARD = gnu11;
				GCC_NO_COMMON_BLOCKS = YES;
				GCC_WARN_64_TO_32_BIT_CONVERSION = YES;
				GCC_WARN_ABOUT_RETURN_TYPE = YES_ERROR;
				GCC_WARN_UNDECLARED_SELECTOR = YES;
				GCC_WARN_UNINITIALIZED_AUTOS = YES_AGGRESSIVE;
				GCC_WARN_UNUSED_FUNCTION = YES;
				GCC_WARN_UNUSED_VARIABLE = YES;
				IPHONEOS_DEPLOYMENT_TARGET = 14.0;
				MTL_ENABLE_DEBUG_INFO = NO;
				MTL_FAST_MATH = YES;
				SDKROOT = iphoneos;
				SWIFT_COMPILATION_MODE = wholemodule;
				SWIFT_OPTIMIZATION_LEVEL = "-O";
				VALIDATE_PRODUCT = YES;
			};
			name = Release;
		};
		2D24DEF82784406D0029FA80 /* Debug */ = {
			isa = XCBuildConfiguration;
			buildSettings = {
				ASSETCATALOG_COMPILER_APPICON_NAME = AppIcon;
				ASSETCATALOG_COMPILER_GLOBAL_ACCENT_COLOR_NAME = AccentColor;
				CODE_SIGN_STYLE = Automatic;
				CURRENT_PROJECT_VERSION = 1;
				DEVELOPMENT_TEAM = J5RT2TQ373;
				GENERATE_INFOPLIST_FILE = YES;
				INFOPLIST_FILE = MoviesInfoMVC/Info.plist;
				INFOPLIST_KEY_UIApplicationSupportsIndirectInputEvents = YES;
				INFOPLIST_KEY_UILaunchStoryboardName = LaunchScreen;
				INFOPLIST_KEY_UIMainStoryboardFile = Main;
				INFOPLIST_KEY_UISupportedInterfaceOrientations_iPad = "UIInterfaceOrientationPortrait UIInterfaceOrientationPortraitUpsideDown UIInterfaceOrientationLandscapeLeft UIInterfaceOrientationLandscapeRight";
				INFOPLIST_KEY_UISupportedInterfaceOrientations_iPhone = "UIInterfaceOrientationPortrait UIInterfaceOrientationLandscapeLeft UIInterfaceOrientationLandscapeRight";
				LD_RUNPATH_SEARCH_PATHS = (
					"$(inherited)",
					"@executable_path/Frameworks",
				);
				MARKETING_VERSION = 1.0;
				PRODUCT_BUNDLE_IDENTIFIER = ru.polinapetrenko.MoviesInfoMVC;
				PRODUCT_NAME = "$(TARGET_NAME)";
				SWIFT_EMIT_LOC_STRINGS = YES;
				SWIFT_VERSION = 5.0;
				TARGETED_DEVICE_FAMILY = "1,2";
			};
			name = Debug;
		};
		2D24DEF92784406D0029FA80 /* Release */ = {
			isa = XCBuildConfiguration;
			buildSettings = {
				ASSETCATALOG_COMPILER_APPICON_NAME = AppIcon;
				ASSETCATALOG_COMPILER_GLOBAL_ACCENT_COLOR_NAME = AccentColor;
				CODE_SIGN_STYLE = Automatic;
				CURRENT_PROJECT_VERSION = 1;
				DEVELOPMENT_TEAM = J5RT2TQ373;
				GENERATE_INFOPLIST_FILE = YES;
				INFOPLIST_FILE = MoviesInfoMVC/Info.plist;
				INFOPLIST_KEY_UIApplicationSupportsIndirectInputEvents = YES;
				INFOPLIST_KEY_UILaunchStoryboardName = LaunchScreen;
				INFOPLIST_KEY_UIMainStoryboardFile = Main;
				INFOPLIST_KEY_UISupportedInterfaceOrientations_iPad = "UIInterfaceOrientationPortrait UIInterfaceOrientationPortraitUpsideDown UIInterfaceOrientationLandscapeLeft UIInterfaceOrientationLandscapeRight";
				INFOPLIST_KEY_UISupportedInterfaceOrientations_iPhone = "UIInterfaceOrientationPortrait UIInterfaceOrientationLandscapeLeft UIInterfaceOrientationLandscapeRight";
				LD_RUNPATH_SEARCH_PATHS = (
					"$(inherited)",
					"@executable_path/Frameworks",
				);
				MARKETING_VERSION = 1.0;
				PRODUCT_BUNDLE_IDENTIFIER = ru.polinapetrenko.MoviesInfoMVC;
				PRODUCT_NAME = "$(TARGET_NAME)";
				SWIFT_EMIT_LOC_STRINGS = YES;
				SWIFT_VERSION = 5.0;
				TARGETED_DEVICE_FAMILY = "1,2";
			};
			name = Release;
		};
/* End XCBuildConfiguration section */

/* Begin XCConfigurationList section */
		2D24DEDE278440690029FA80 /* Build configuration list for PBXProject "MoviesInfoMVC" */ = {
			isa = XCConfigurationList;
			buildConfigurations = (
				2D24DEF52784406D0029FA80 /* Debug */,
				2D24DEF62784406D0029FA80 /* Release */,
			);
			defaultConfigurationIsVisible = 0;
			defaultConfigurationName = Release;
		};
		2D24DEF72784406D0029FA80 /* Build configuration list for PBXNativeTarget "MoviesInfoMVC" */ = {
			isa = XCConfigurationList;
			buildConfigurations = (
				2D24DEF82784406D0029FA80 /* Debug */,
				2D24DEF92784406D0029FA80 /* Release */,
			);
			defaultConfigurationIsVisible = 0;
			defaultConfigurationName = Release;
		};
/* End XCConfigurationList section */

/* Begin XCRemoteSwiftPackageReference section */
		2D24DF14278444710029FA80 /* XCRemoteSwiftPackageReference "Alamofire" */ = {
			isa = XCRemoteSwiftPackageReference;
			repositoryURL = "https://github.com/Alamofire/Alamofire.git";
			requirement = {
				kind = upToNextMajorVersion;
				minimumVersion = 5.0.0;
			};
		};
		2DA7E61927871C11000D7493 /* XCRemoteSwiftPackageReference "Kingfisher" */ = {
			isa = XCRemoteSwiftPackageReference;
			repositoryURL = "https://github.com/onevcat/Kingfisher.git";
			requirement = {
				branch = master;
				kind = branch;
			};
		};
/* End XCRemoteSwiftPackageReference section */

/* Begin XCSwiftPackageProductDependency section */
		2D24DF15278444710029FA80 /* Alamofire */ = {
			isa = XCSwiftPackageProductDependency;
			package = 2D24DF14278444710029FA80 /* XCRemoteSwiftPackageReference "Alamofire" */;
			productName = Alamofire;
		};
		2DA7E61A27871C11000D7493 /* Kingfisher */ = {
			isa = XCSwiftPackageProductDependency;
			package = 2DA7E61927871C11000D7493 /* XCRemoteSwiftPackageReference "Kingfisher" */;
			productName = Kingfisher;
		};
/* End XCSwiftPackageProductDependency section */
	};
	rootObject = 2D24DEDB278440690029FA80 /* Project object */;
}
